{
    "_meta": {
        "hash": {
            "sha256": "ede501db99c31a4ad9ea01e2fd140f4e1eab85990b382f5259d77d03395095c5"
        },
        "pipfile-spec": 6,
        "requires": {
            "python_version": "3.7"
        },
        "sources": [
            {
                "name": "pypi",
                "url": "https://pypi.org/simple",
                "verify_ssl": true
            }
        ]
    },
    "default": {
        "joblib": {
            "hashes": [
                "sha256:006108c7576b3eb6c5b27761ddbf188eb6e6347696325ab2027ea1ee9a4b922d",
                "sha256:6fcc57aacb4e89451fd449e9412687c51817c3f48662c3d8f38ba3f8a0a193ff"
            ],
            "index": "pypi",
            "version": "==0.14.0"
        }
    },
    "develop": {}
}
